
Microsoft Visual Studio Solution File, Format Version 12.00
# Visual Studio Version 16
VisualStudioVersion = 16.0.30621.155
MinimumVisualStudioVersion = 10.0.40219.1
Project("{FAE04EC0-301F-11D3-BF4B-00C04F79EFBC}") = "WebAppCore", "WebAppCore.csproj", "{BEC8B8B3-0CDB-4888-8643-9231E02C80B9}"
EndProject
Global
	GlobalSection(SolutionConfigurationPlatforms) = preSolution
		Debug|Any CPU = Debug|Any CPU
		Release|Any CPU = Release|Any CPU
	EndGlobalSection
	GlobalSection(ProjectConfigurationPlatforms) = postSolution
		{BEC8B8B3-0CDB-4888-8643-9231E02C80B9}.Debug|Any CPU.ActiveCfg = Debug|Any CPU
		{BEC8B8B3-0CDB-4888-8643-9231E02C80B9}.Debug|Any CPU.Build.0 = Debug|Any CPU
		{BEC8B8B3-0CDB-4888-8643-9231E02C80B9}.Release|Any CPU.ActiveCfg = Release|Any CPU
		{BEC8B8B3-0CDB-4888-8643-9231E02C80B9}.Release|Any CPU.Build.0 = Release|Any CPU
	EndGlobalSection
	GlobalSection(SolutionProperties) = preSolution
		HideSolutionNode = FALSE
	EndGlobalSection
	GlobalSection(ExtensibilityGlobals) = postSolution
		SolutionGuid = {F11A7B02-5A8C-4875-9A8D-AA3697955DB0}
	EndGlobalSection
EndGlobal
